
Microsoft Visual Studio Solution File, Format Version 12.00
# Visual Studio Version 17
VisualStudioVersion = 17.12.35514.174
MinimumVisualStudioVersion = 10.0.40219.1
Project("{FAE04EC0-301F-11D3-BF4B-00C04F79EFBC}") = "AuthService", "AuthService\AuthService.csproj", "{8E209FF9-78F9-42EA-80F7-D009BDCF9628}"
EndProject
Project("{FAE04EC0-301F-11D3-BF4B-00C04F79EFBC}") = "InformationService", "InformationService\InformationService.csproj", "{D1B59520-FFFA-4C56-8E65-A83A4E8CEECC}"
EndProject
Project("{FAE04EC0-301F-11D3-BF4B-00C04F79EFBC}") = "TasksService", "TasksService\TasksService.csproj", "{D1367713-DD5A-4BE8-B4F0-95D8841EA20F}"
EndProject
Project("{FAE04EC0-301F-11D3-BF4B-00C04F79EFBC}") = "AdministrationService", "AdministrationService\AdministrationService.csproj", "{98B89D09-8B9E-4A57-A0DA-B8DC125EDBE7}"
EndProject
Project("{FAE04EC0-301F-11D3-BF4B-00C04F79EFBC}") = "GatewayService", "GatewayService\GatewayService.csproj", "{C6360D47-F862-4005-9A6F-C8303E83C208}"
EndProject
Project("{FAE04EC0-301F-11D3-BF4B-00C04F79EFBC}") = "ImageService", "ImageService\ImageService.csproj", "{490B6B8A-3FE7-433D-B926-10FB33E1BF24}"
EndProject
Global
	GlobalSection(SolutionConfigurationPlatforms) = preSolution
		Debug|Any CPU = Debug|Any CPU
		Release|Any CPU = Release|Any CPU
	EndGlobalSection
	GlobalSection(ProjectConfigurationPlatforms) = postSolution
		{8E209FF9-78F9-42EA-80F7-D009BDCF9628}.Debug|Any CPU.ActiveCfg = Debug|Any CPU
		{8E209FF9-78F9-42EA-80F7-D009BDCF9628}.Debug|Any CPU.Build.0 = Debug|Any CPU
		{8E209FF9-78F9-42EA-80F7-D009BDCF9628}.Release|Any CPU.ActiveCfg = Release|Any CPU
		{8E209FF9-78F9-42EA-80F7-D009BDCF9628}.Release|Any CPU.Build.0 = Release|Any CPU
		{D1B59520-FFFA-4C56-8E65-A83A4E8CEECC}.Debug|Any CPU.ActiveCfg = Debug|Any CPU
		{D1B59520-FFFA-4C56-8E65-A83A4E8CEECC}.Debug|Any CPU.Build.0 = Debug|Any CPU
		{D1B59520-FFFA-4C56-8E65-A83A4E8CEECC}.Release|Any CPU.ActiveCfg = Release|Any CPU
		{D1B59520-FFFA-4C56-8E65-A83A4E8CEECC}.Release|Any CPU.Build.0 = Release|Any CPU
		{D1367713-DD5A-4BE8-B4F0-95D8841EA20F}.Debug|Any CPU.ActiveCfg = Debug|Any CPU
		{D1367713-DD5A-4BE8-B4F0-95D8841EA20F}.Debug|Any CPU.Build.0 = Debug|Any CPU
		{D1367713-DD5A-4BE8-B4F0-95D8841EA20F}.Release|Any CPU.ActiveCfg = Release|Any CPU
		{D1367713-DD5A-4BE8-B4F0-95D8841EA20F}.Release|Any CPU.Build.0 = Release|Any CPU
		{98B89D09-8B9E-4A57-A0DA-B8DC125EDBE7}.Debug|Any CPU.ActiveCfg = Debug|Any CPU
		{98B89D09-8B9E-4A57-A0DA-B8DC125EDBE7}.Debug|Any CPU.Build.0 = Debug|Any CPU
		{98B89D09-8B9E-4A57-A0DA-B8DC125EDBE7}.Release|Any CPU.ActiveCfg = Release|Any CPU
		{98B89D09-8B9E-4A57-A0DA-B8DC125EDBE7}.Release|Any CPU.Build.0 = Release|Any CPU
		{C6360D47-F862-4005-9A6F-C8303E83C208}.Debug|Any CPU.ActiveCfg = Debug|Any CPU
		{C6360D47-F862-4005-9A6F-C8303E83C208}.Debug|Any CPU.Build.0 = Debug|Any CPU
		{C6360D47-F862-4005-9A6F-C8303E83C208}.Release|Any CPU.ActiveCfg = Release|Any CPU
		{C6360D47-F862-4005-9A6F-C8303E83C208}.Release|Any CPU.Build.0 = Release|Any CPU
		{490B6B8A-3FE7-433D-B926-10FB33E1BF24}.Debug|Any CPU.ActiveCfg = Debug|Any CPU
		{490B6B8A-3FE7-433D-B926-10FB33E1BF24}.Debug|Any CPU.Build.0 = Debug|Any CPU
		{490B6B8A-3FE7-433D-B926-10FB33E1BF24}.Release|Any CPU.ActiveCfg = Release|Any CPU
		{490B6B8A-3FE7-433D-B926-10FB33E1BF24}.Release|Any CPU.Build.0 = Release|Any CPU
	EndGlobalSection
	GlobalSection(SolutionProperties) = preSolution
		HideSolutionNode = FALSE
	EndGlobalSection
	GlobalSection(ExtensibilityGlobals) = postSolution
		SolutionGuid = {8DC2ED31-8A05-4132-BA22-1497AC4DD4CF}
	EndGlobalSection
EndGlobal
